
Microsoft Visual Studio Solution File, Format Version 12.00
# Visual Studio Version 17
VisualStudioVersion = 17.9.34616.47
MinimumVisualStudioVersion = 10.0.40219.1
Project("{FAE04EC0-301F-11D3-BF4B-00C04F79EFBC}") = "PirmaPaskaita1", "PirmaPaskaita1\PirmaPaskaita1.csproj", "{51AD5841-B5E1-4FAB-A5B8-0D18B4F11544}"
EndProject
Project("{FAE04EC0-301F-11D3-BF4B-00C04F79EFBC}") = "PirmaUzduotis", "PirmaUzduotis\PirmaUzduotis.csproj", "{B0835A96-8B42-49CD-BC7E-1022491E0823}"
EndProject
Global
	GlobalSection(SolutionConfigurationPlatforms) = preSolution
		Debug|Any CPU = Debug|Any CPU
		Release|Any CPU = Release|Any CPU
	EndGlobalSection
	GlobalSection(ProjectConfigurationPlatforms) = postSolution
		{51AD5841-B5E1-4FAB-A5B8-0D18B4F11544}.Debug|Any CPU.ActiveCfg = Debug|Any CPU
		{51AD5841-B5E1-4FAB-A5B8-0D18B4F11544}.Debug|Any CPU.Build.0 = Debug|Any CPU
		{51AD5841-B5E1-4FAB-A5B8-0D18B4F11544}.Release|Any CPU.ActiveCfg = Release|Any CPU
		{51AD5841-B5E1-4FAB-A5B8-0D18B4F11544}.Release|Any CPU.Build.0 = Release|Any CPU
		{B0835A96-8B42-49CD-BC7E-1022491E0823}.Debug|Any CPU.ActiveCfg = Debug|Any CPU
		{B0835A96-8B42-49CD-BC7E-1022491E0823}.Debug|Any CPU.Build.0 = Debug|Any CPU
		{B0835A96-8B42-49CD-BC7E-1022491E0823}.Release|Any CPU.ActiveCfg = Release|Any CPU
		{B0835A96-8B42-49CD-BC7E-1022491E0823}.Release|Any CPU.Build.0 = Release|Any CPU
	EndGlobalSection
	GlobalSection(SolutionProperties) = preSolution
		HideSolutionNode = FALSE
	EndGlobalSection
	GlobalSection(ExtensibilityGlobals) = postSolution
		SolutionGuid = {5B90D016-D864-4F8F-95F7-3898C3F89AD8}
	EndGlobalSection
EndGlobal
